
Microsoft Visual Studio Solution File, Format Version 12.00
# Visual Studio Version 17
VisualStudioVersion = 17.14.36804.6
MinimumVisualStudioVersion = 10.0.40219.1
Project("{FAE04EC0-301F-11D3-BF4B-00C04F79EFBC}") = "SeleniumTestFramework.UiTests", "SeleniumTestFramework.UiTests\SeleniumTestFramework.UiTests.csproj", "{49B9D1D6-7394-41FD-AE94-18A3963FF2CA}"
EndProject
Project("{FAE04EC0-301F-11D3-BF4B-00C04F79EFBC}") = "SeleniumTestFramework.ApiTests", "SeleniumTestFramework.ApiTests\SeleniumTestFramework.ApiTests.csproj", "{5E1EFACF-30F2-4C6F-9685-1DBB1FEBDC35}"
EndProject
Global
	GlobalSection(SolutionConfigurationPlatforms) = preSolution
		Debug|Any CPU = Debug|Any CPU
		Release|Any CPU = Release|Any CPU
	EndGlobalSection
	GlobalSection(ProjectConfigurationPlatforms) = postSolution
		{49B9D1D6-7394-41FD-AE94-18A3963FF2CA}.Debug|Any CPU.ActiveCfg = Debug|Any CPU
		{49B9D1D6-7394-41FD-AE94-18A3963FF2CA}.Debug|Any CPU.Build.0 = Debug|Any CPU
		{49B9D1D6-7394-41FD-AE94-18A3963FF2CA}.Release|Any CPU.ActiveCfg = Release|Any CPU
		{49B9D1D6-7394-41FD-AE94-18A3963FF2CA}.Release|Any CPU.Build.0 = Release|Any CPU
		{5E1EFACF-30F2-4C6F-9685-1DBB1FEBDC35}.Debug|Any CPU.ActiveCfg = Debug|Any CPU
		{5E1EFACF-30F2-4C6F-9685-1DBB1FEBDC35}.Debug|Any CPU.Build.0 = Debug|Any CPU
		{5E1EFACF-30F2-4C6F-9685-1DBB1FEBDC35}.Release|Any CPU.ActiveCfg = Release|Any CPU
		{5E1EFACF-30F2-4C6F-9685-1DBB1FEBDC35}.Release|Any CPU.Build.0 = Release|Any CPU
	EndGlobalSection
	GlobalSection(SolutionProperties) = preSolution
		HideSolutionNode = FALSE
	EndGlobalSection
	GlobalSection(ExtensibilityGlobals) = postSolution
		SolutionGuid = {3D7B80A3-0908-4DF7-A838-3EE61D33B8AB}
	EndGlobalSection
EndGlobal
